{
  "originHash" : "bf87760efbdc16018213237b4b1feed148e3bb2ac02213f4f8d5ef5f35cc1209",
  "pins" : [
    {
      "identity" : "jsonschema",
      "kind" : "remoteSourceControl",
      "location" : "https://github.com/mattt/JSONSchema.git",
      "state" : {
        "revision" : "4c6f2467d5bc72b062c7a9b7e4cd77a09635ea8b",
        "version" : "1.3.1"
      }
    },
    {
      "identity" : "swift-async-algorithms",
      "kind" : "remoteSourceControl",
      "location" : "https://github.com/apple/swift-async-algorithms.git",
      "state" : {
        "revision" : "9d349bcc328ac3c31ce40e746b5882742a0d1272",
        "version" : "1.1.3"
      }
    },
    {
      "identity" : "swift-collections",
      "kind" : "remoteSourceControl",
      "location" : "https://github.com/apple/swift-collections.git",
      "state" : {
        "revision" : "6675bc0ff86e61436e615df6fc5174e043e57924",
        "version" : "1.4.1"
      }
    },
    {
      "identity" : "swift-generation",
      "kind" : "remoteSourceControl",
      "location" : "https://github.com/1amageek/swift-generation.git",
      "state" : {
        "revision" : "396f4301404dfa7837cd221b2098d10f09ac2fb3",
        "version" : "0.5.0"
      }
    },
    {
      "identity" : "swift-syntax",
      "kind" : "remoteSourceControl",
      "location" : "https://github.com/swiftlang/swift-syntax.git",
      "state" : {
        "revision" : "4799286537280063c85a32f09884cfbca301b1a1",
        "version" : "602.0.0"
      }
    }
  ],
  "version" : 3
}
